# This file is automatically @generated by Cargo.
# It is not intended for manual editing.
version = 4

[[package]]
name = "aulon-bench"
version = "0.0.1"

[[package]]
name = "aulon-core"
version = "0.0.1"

[[package]]
name = "aulon-proto"
version = "0.0.1"

[[package]]
name = "aulon-server"
version = "0.0.1"
